
Microsoft Visual Studio Solution File, Format Version 12.00
# Visual Studio Version 16
VisualStudioVersion = 16.0.30225.117
MinimumVisualStudioVersion = 10.0.40219.1
Project("{FAE04EC0-301F-11D3-BF4B-00C04F79EFBC}") = "Lab4.1", "Lab4.1.csproj", "{DD59C0C1-3CB2-44D7-BD98-7441B07EEF65}"
EndProject
Global
	GlobalSection(SolutionConfigurationPlatforms) = preSolution
		Debug|Any CPU = Debug|Any CPU
		Release|Any CPU = Release|Any CPU
	EndGlobalSection
	GlobalSection(ProjectConfigurationPlatforms) = postSolution
		{DD59C0C1-3CB2-44D7-BD98-7441B07EEF65}.Debug|Any CPU.ActiveCfg = Debug|Any CPU
		{DD59C0C1-3CB2-44D7-BD98-7441B07EEF65}.Debug|Any CPU.Build.0 = Debug|Any CPU
		{DD59C0C1-3CB2-44D7-BD98-7441B07EEF65}.Release|Any CPU.ActiveCfg = Release|Any CPU
		{DD59C0C1-3CB2-44D7-BD98-7441B07EEF65}.Release|Any CPU.Build.0 = Release|Any CPU
	EndGlobalSection
	GlobalSection(SolutionProperties) = preSolution
		HideSolutionNode = FALSE
	EndGlobalSection
	GlobalSection(ExtensibilityGlobals) = postSolution
		SolutionGuid = {D32546B2-64BE-4E69-9BF9-7363A3A56A5B}
	EndGlobalSection
EndGlobal
